
Microsoft Visual Studio Solution File, Format Version 12.00
# Visual Studio Version 16
VisualStudioVersion = 16.0.30804.86
MinimumVisualStudioVersion = 10.0.40219.1
Project("{9A19103F-16F7-4668-BE54-9A1E7A4F7556}") = "NewsApi.Web", "NewsApi.Web\NewsApi.Web.csproj", "{2F8764F6-774E-4215-8091-4AF22EF11C91}"
EndProject
Project("{FAE04EC0-301F-11D3-BF4B-00C04F79EFBC}") = "NewsApi.DataLayer", "NewsApi.DataLayer\NewsApi.DataLayer.csproj", "{18588F4B-4839-4F5F-BFEF-147F692D74E6}"
EndProject
Project("{FAE04EC0-301F-11D3-BF4B-00C04F79EFBC}") = "NewsApi.Core", "NewsApi.Core\NewsApi.Core.csproj", "{E43C0460-F45B-4A74-86ED-18DA22DBBAFC}"
EndProject
Global
	GlobalSection(SolutionConfigurationPlatforms) = preSolution
		Debug|Any CPU = Debug|Any CPU
		Release|Any CPU = Release|Any CPU
	EndGlobalSection
	GlobalSection(ProjectConfigurationPlatforms) = postSolution
		{2F8764F6-774E-4215-8091-4AF22EF11C91}.Debug|Any CPU.ActiveCfg = Debug|Any CPU
		{2F8764F6-774E-4215-8091-4AF22EF11C91}.Debug|Any CPU.Build.0 = Debug|Any CPU
		{2F8764F6-774E-4215-8091-4AF22EF11C91}.Release|Any CPU.ActiveCfg = Release|Any CPU
		{2F8764F6-774E-4215-8091-4AF22EF11C91}.Release|Any CPU.Build.0 = Release|Any CPU
		{18588F4B-4839-4F5F-BFEF-147F692D74E6}.Debug|Any CPU.ActiveCfg = Debug|Any CPU
		{18588F4B-4839-4F5F-BFEF-147F692D74E6}.Debug|Any CPU.Build.0 = Debug|Any CPU
		{18588F4B-4839-4F5F-BFEF-147F692D74E6}.Release|Any CPU.ActiveCfg = Release|Any CPU
		{18588F4B-4839-4F5F-BFEF-147F692D74E6}.Release|Any CPU.Build.0 = Release|Any CPU
		{E43C0460-F45B-4A74-86ED-18DA22DBBAFC}.Debug|Any CPU.ActiveCfg = Debug|Any CPU
		{E43C0460-F45B-4A74-86ED-18DA22DBBAFC}.Debug|Any CPU.Build.0 = Debug|Any CPU
		{E43C0460-F45B-4A74-86ED-18DA22DBBAFC}.Release|Any CPU.ActiveCfg = Release|Any CPU
		{E43C0460-F45B-4A74-86ED-18DA22DBBAFC}.Release|Any CPU.Build.0 = Release|Any CPU
	EndGlobalSection
	GlobalSection(SolutionProperties) = preSolution
		HideSolutionNode = FALSE
	EndGlobalSection
	GlobalSection(ExtensibilityGlobals) = postSolution
		SolutionGuid = {0F4C09EE-7497-4441-88F5-94BE55347919}
	EndGlobalSection
EndGlobal
